
Microsoft Visual Studio Solution File, Format Version 12.00
# Visual Studio Version 17
VisualStudioVersion = 17.7.34024.191
MinimumVisualStudioVersion = 10.0.40219.1
Project("{9A19103F-16F7-4668-BE54-9A1E7A4F7556}") = "NotePad", "NotePad.csproj", "{E9878E5A-F7BA-4E20-9EFB-881CDBFEB806}"
EndProject
Project("{9A19103F-16F7-4668-BE54-9A1E7A4F7556}") = "NotePad.Desktop", "..\NotePad.Desktop\NotePad.Desktop.csproj", "{721A7FE3-3BD9-45B1-9487-CDA7B3B63CB9}"
EndProject
Global
	GlobalSection(SolutionConfigurationPlatforms) = preSolution
		Debug|Any CPU = Debug|Any CPU
		Release|Any CPU = Release|Any CPU
	EndGlobalSection
	GlobalSection(ProjectConfigurationPlatforms) = postSolution
		{E9878E5A-F7BA-4E20-9EFB-881CDBFEB806}.Debug|Any CPU.ActiveCfg = Debug|Any CPU
		{E9878E5A-F7BA-4E20-9EFB-881CDBFEB806}.Debug|Any CPU.Build.0 = Debug|Any CPU
		{E9878E5A-F7BA-4E20-9EFB-881CDBFEB806}.Release|Any CPU.ActiveCfg = Release|Any CPU
		{E9878E5A-F7BA-4E20-9EFB-881CDBFEB806}.Release|Any CPU.Build.0 = Release|Any CPU
		{721A7FE3-3BD9-45B1-9487-CDA7B3B63CB9}.Debug|Any CPU.ActiveCfg = Debug|Any CPU
		{721A7FE3-3BD9-45B1-9487-CDA7B3B63CB9}.Debug|Any CPU.Build.0 = Debug|Any CPU
		{721A7FE3-3BD9-45B1-9487-CDA7B3B63CB9}.Release|Any CPU.ActiveCfg = Release|Any CPU
		{721A7FE3-3BD9-45B1-9487-CDA7B3B63CB9}.Release|Any CPU.Build.0 = Release|Any CPU
	EndGlobalSection
	GlobalSection(SolutionProperties) = preSolution
		HideSolutionNode = FALSE
	EndGlobalSection
	GlobalSection(ExtensibilityGlobals) = postSolution
		SolutionGuid = {AEBAAC8A-AF52-4F9F-A2F4-81B7549BAD02}
	EndGlobalSection
EndGlobal
